
Microsoft Visual Studio Solution File, Format Version 12.00
# Visual Studio 14
VisualStudioVersion = 14.0.24720.0
MinimumVisualStudioVersion = 10.0.40219.1
Project("{8BC9CEB8-8B4A-11D0-8D11-00A0C91BC942}") = "cigarW2R", "cigarW.vcxproj", "{6EABEBF1-A78D-462D-B5E3-2433265BA719}"
EndProject
Project("{8BC9CEB8-8B4A-11D0-8D11-00A0C91BC942}") = "Dijkstra", "..\Dijkstra\Dijkstra.vcxproj", "{BACD9F7E-0F67-495D-A6AE-87747623AC85}"
EndProject
Global
	GlobalSection(SolutionConfigurationPlatforms) = preSolution
		Debug|x64 = Debug|x64
		Debug|x86 = Debug|x86
		Release|x64 = Release|x64
		Release|x86 = Release|x86
	EndGlobalSection
	GlobalSection(ProjectConfigurationPlatforms) = postSolution
		{6EABEBF1-A78D-462D-B5E3-2433265BA719}.Debug|x64.ActiveCfg = Debug|Win32
		{6EABEBF1-A78D-462D-B5E3-2433265BA719}.Debug|x64.Build.0 = Debug|Win32
		{6EABEBF1-A78D-462D-B5E3-2433265BA719}.Debug|x86.ActiveCfg = Debug|Win32
		{6EABEBF1-A78D-462D-B5E3-2433265BA719}.Debug|x86.Build.0 = Debug|Win32
		{6EABEBF1-A78D-462D-B5E3-2433265BA719}.Release|x64.ActiveCfg = Release|Win32
		{6EABEBF1-A78D-462D-B5E3-2433265BA719}.Release|x64.Build.0 = Release|Win32
		{6EABEBF1-A78D-462D-B5E3-2433265BA719}.Release|x86.ActiveCfg = Release|Win32
		{6EABEBF1-A78D-462D-B5E3-2433265BA719}.Release|x86.Build.0 = Release|Win32
		{BACD9F7E-0F67-495D-A6AE-87747623AC85}.Debug|x64.ActiveCfg = Debug|x64
		{BACD9F7E-0F67-495D-A6AE-87747623AC85}.Debug|x64.Build.0 = Debug|x64
		{BACD9F7E-0F67-495D-A6AE-87747623AC85}.Debug|x86.ActiveCfg = Debug|Win32
		{BACD9F7E-0F67-495D-A6AE-87747623AC85}.Debug|x86.Build.0 = Debug|Win32
		{BACD9F7E-0F67-495D-A6AE-87747623AC85}.Release|x64.ActiveCfg = Release|x64
		{BACD9F7E-0F67-495D-A6AE-87747623AC85}.Release|x64.Build.0 = Release|x64
		{BACD9F7E-0F67-495D-A6AE-87747623AC85}.Release|x86.ActiveCfg = Release|Win32
		{BACD9F7E-0F67-495D-A6AE-87747623AC85}.Release|x86.Build.0 = Release|Win32
	EndGlobalSection
	GlobalSection(SolutionProperties) = preSolution
		HideSolutionNode = FALSE
	EndGlobalSection
	GlobalSection(ExtensibilityGlobals) = postSolution
		SolutionGuid = {5445184B-F56F-4071-9806-A7727AECD10C}
	EndGlobalSection
EndGlobal
